
Microsoft Visual Studio Solution File, Format Version 12.00
Project("{2150E333-8FDC-42A3-9474-1A3956D46DE8}") = "src", "src", "{6481312D-DE7E-46F4-B09F-C4C6F943E74B}"
EndProject
Project("{2150E333-8FDC-42A3-9474-1A3956D46DE8}") = "Core", "Core", "{B75A4A02-415D-4705-9E5B-1A9A70C8121F}"
EndProject
Project("{FAE04EC0-301F-11D3-BF4B-00C04F79EFBC}") = "Bulud.Core", "src\Core\Bulud.Core\Bulud.Core.csproj", "{5EC42BDE-B8B2-4674-93B5-653FE20A63AC}"
EndProject
Project("{FAE04EC0-301F-11D3-BF4B-00C04F79EFBC}") = "Bulud.Communication.Abstractions", "src\Communication\Bulud.Communication.Abstractions\Bulud.Communication.Abstractions.csproj", "{B4B2D80A-148F-49F1-A584-5DFB6AC30EB4}"
EndProject
Project("{2150E333-8FDC-42A3-9474-1A3956D46DE8}") = "FileStorage", "FileStorage", "{75DA2AF0-DBBC-48E6-9686-7E9AA6103AC2}"
EndProject
Project("{FAE04EC0-301F-11D3-BF4B-00C04F79EFBC}") = "Bulud.FileStorage.Abstractions", "src\FileStorage\Bulud.FileStorage.Abstractions\Bulud.FileStorage.Abstractions.csproj", "{A842F108-09F1-4E2C-A3C8-790D3FC31E3B}"
EndProject
Project("{FAE04EC0-301F-11D3-BF4B-00C04F79EFBC}") = "Bulud.FileStorage.S3", "src\FileStorage\Bulud.FileStorage.S3\Bulud.FileStorage.S3.csproj", "{4F9B14C1-8754-45A9-AAAC-4D2B3B2185FE}"
EndProject
Project("{FAE04EC0-301F-11D3-BF4B-00C04F79EFBC}") = "Bulud.FileStorage.Azure", "src\FileStorage\Bulud.FileStorage.Azure\Bulud.FileStorage.Azure.csproj", "{500F8F91-90EE-40B1-B63E-827EAF9364FD}"
EndProject
Project("{FAE04EC0-301F-11D3-BF4B-00C04F79EFBC}") = "Bulud.FileStorage.Local", "src\FileStorage\Bulud.FileStorage.Local\Bulud.FileStorage.Local.csproj", "{0A755CF4-2E87-4339-80E1-48D37C3C4D0D}"
EndProject
Project("{2150E333-8FDC-42A3-9474-1A3956D46DE8}") = "Security", "Security", "{2ECA7843-722C-4F4D-8C8D-260B5B4B1D69}"
EndProject
Project("{FAE04EC0-301F-11D3-BF4B-00C04F79EFBC}") = "Bulud.Security.Otp.Abstractions", "src\Security\Bulud.Security.Otp.Abstractions\Bulud.Security.Otp.Abstractions.csproj", "{3D4E6F70-8134-4E0E-9819-20A1B2C3D4E5}"
EndProject
Project("{FAE04EC0-301F-11D3-BF4B-00C04F79EFBC}") = "Bulud.Security.Otp.InMemory", "src\Security\Bulud.Security.Otp.InMemory\Bulud.Security.Otp.InMemory.csproj", "{1ED3FF27-05AE-46BF-B816-8CB80EFA4FC4}"
EndProject
Project("{2150E333-8FDC-42A3-9474-1A3956D46DE8}") = "Communication", "Communication", "{610C5CAA-B39B-4E53-8043-05C1AB3D6CD1}"
EndProject
Project("{FAE04EC0-301F-11D3-BF4B-00C04F79EFBC}") = "Bulud.Communication.Email", "src\Communication\Bulud.Communication.Email\Bulud.Communication.Email.csproj", "{58720BB9-AB01-48A0-A71A-8430AC183760}"
EndProject
Project("{FAE04EC0-301F-11D3-BF4B-00C04F79EFBC}") = "Bulud.Communication.Sms.Kavenegar", "src\Communication\Bulud.Communication.Sms.Kavenegar\Bulud.Communication.Sms.Kavenegar.csproj", "{6A7127CD-345D-4D41-8339-465DC9D5696C}"
EndProject
Project("{2150E333-8FDC-42A3-9474-1A3956D46DE8}") = "Web", "Web", "{B21D0C4E-645C-4A2F-ADBD-DF61D493E602}"
EndProject
Project("{FAE04EC0-301F-11D3-BF4B-00C04F79EFBC}") = "Bulud.AspNetCore", "src\Web\Bulud.AspNetCore\Bulud.AspNetCore.csproj", "{C8EAB4D7-0F4D-4A22-90FC-8B816C7B99E0}"
EndProject
Project("{2150E333-8FDC-42A3-9474-1A3956D46DE8}") = "Authentication", "Authentication", "{E8FC349B-D5BF-41F6-F538-91A2B3C4D5E7}"
EndProject
Project("{FAE04EC0-301F-11D3-BF4B-00C04F79EFBC}") = "Bulud.Authentication.Jwt", "src\Authentication\Bulud.Authentication.Jwt\Bulud.Authentication.Jwt.csproj", "{F90D45AC-E6C0-42F7-0649-A2B3C4D5E6F8}"
EndProject
Project("{2150E333-8FDC-42A3-9474-1A3956D46DE8}") = "Persistence", "Persistence", "{C6EA1279-B39D-4FD4-D316-7F8091A2B3C5}"
EndProject
Project("{FAE04EC0-301F-11D3-BF4B-00C04F79EFBC}") = "Bulud.EntityFrameworkCore", "src\Persistence\Bulud.EntityFrameworkCore\Bulud.EntityFrameworkCore.csproj", "{D7FB238A-C4AE-40E5-E427-8091A2B3C4D6}"
EndProject
Project("{2150E333-8FDC-42A3-9474-1A3956D46DE8}") = "Exporting", "Exporting", "{D1F5C724-6E48-4A8F-8EC1-2A3C4D5E6F70}"
EndProject
Project("{FAE04EC0-301F-11D3-BF4B-00C04F79EFBC}") = "Bulud.Exporting.Abstractions", "src\Exporting\Bulud.Exporting.Abstractions\Bulud.Exporting.Abstractions.csproj", "{E2A6D835-7F59-4B90-9FD2-3B4C5D6E7F81}"
EndProject
Project("{FAE04EC0-301F-11D3-BF4B-00C04F79EFBC}") = "Bulud.Exporting", "src\Exporting\Bulud.Exporting\Bulud.Exporting.csproj", "{F3B7E946-806A-4CA1-A0E3-4C5D6E7F8092}"
EndProject
Project("{FAE04EC0-301F-11D3-BF4B-00C04F79EFBC}") = "Bulud.Exporting.Csv", "src\Exporting\Bulud.Exporting.Csv\Bulud.Exporting.Csv.csproj", "{A4C8F057-917B-4DB2-B1F4-5D6E7F8091A3}"
EndProject
Project("{FAE04EC0-301F-11D3-BF4B-00C04F79EFBC}") = "Bulud.Exporting.Pdf", "src\Exporting\Bulud.Exporting.Pdf\Bulud.Exporting.Pdf.csproj", "{B5D90168-A28C-4EC3-C205-6E7F8091A2B4}"
EndProject
Global
	GlobalSection(SolutionConfigurationPlatforms) = preSolution
		Debug|Any CPU = Debug|Any CPU
		Release|Any CPU = Release|Any CPU
	EndGlobalSection
	GlobalSection(ProjectConfigurationPlatforms) = postSolution
		{5EC42BDE-B8B2-4674-93B5-653FE20A63AC}.Debug|Any CPU.ActiveCfg = Debug|Any CPU
		{5EC42BDE-B8B2-4674-93B5-653FE20A63AC}.Debug|Any CPU.Build.0 = Debug|Any CPU
		{5EC42BDE-B8B2-4674-93B5-653FE20A63AC}.Release|Any CPU.ActiveCfg = Release|Any CPU
		{5EC42BDE-B8B2-4674-93B5-653FE20A63AC}.Release|Any CPU.Build.0 = Release|Any CPU
		{B4B2D80A-148F-49F1-A584-5DFB6AC30EB4}.Debug|Any CPU.ActiveCfg = Debug|Any CPU
		{B4B2D80A-148F-49F1-A584-5DFB6AC30EB4}.Debug|Any CPU.Build.0 = Debug|Any CPU
		{B4B2D80A-148F-49F1-A584-5DFB6AC30EB4}.Release|Any CPU.ActiveCfg = Release|Any CPU
		{B4B2D80A-148F-49F1-A584-5DFB6AC30EB4}.Release|Any CPU.Build.0 = Release|Any CPU
		{4F9B14C1-8754-45A9-AAAC-4D2B3B2185FE}.Debug|Any CPU.ActiveCfg = Debug|Any CPU
		{4F9B14C1-8754-45A9-AAAC-4D2B3B2185FE}.Debug|Any CPU.Build.0 = Debug|Any CPU
		{4F9B14C1-8754-45A9-AAAC-4D2B3B2185FE}.Release|Any CPU.ActiveCfg = Release|Any CPU
		{4F9B14C1-8754-45A9-AAAC-4D2B3B2185FE}.Release|Any CPU.Build.0 = Release|Any CPU
		{500F8F91-90EE-40B1-B63E-827EAF9364FD}.Debug|Any CPU.ActiveCfg = Debug|Any CPU
		{500F8F91-90EE-40B1-B63E-827EAF9364FD}.Debug|Any CPU.Build.0 = Debug|Any CPU
		{500F8F91-90EE-40B1-B63E-827EAF9364FD}.Release|Any CPU.ActiveCfg = Release|Any CPU
		{500F8F91-90EE-40B1-B63E-827EAF9364FD}.Release|Any CPU.Build.0 = Release|Any CPU
		{0A755CF4-2E87-4339-80E1-48D37C3C4D0D}.Debug|Any CPU.ActiveCfg = Debug|Any CPU
		{0A755CF4-2E87-4339-80E1-48D37C3C4D0D}.Debug|Any CPU.Build.0 = Debug|Any CPU
		{0A755CF4-2E87-4339-80E1-48D37C3C4D0D}.Release|Any CPU.ActiveCfg = Release|Any CPU
		{0A755CF4-2E87-4339-80E1-48D37C3C4D0D}.Release|Any CPU.Build.0 = Release|Any CPU
		{A842F108-09F1-4E2C-A3C8-790D3FC31E3B}.Debug|Any CPU.ActiveCfg = Debug|Any CPU
		{A842F108-09F1-4E2C-A3C8-790D3FC31E3B}.Debug|Any CPU.Build.0 = Debug|Any CPU
		{A842F108-09F1-4E2C-A3C8-790D3FC31E3B}.Release|Any CPU.ActiveCfg = Release|Any CPU
		{A842F108-09F1-4E2C-A3C8-790D3FC31E3B}.Release|Any CPU.Build.0 = Release|Any CPU
		{1ED3FF27-05AE-46BF-B816-8CB80EFA4FC4}.Debug|Any CPU.ActiveCfg = Debug|Any CPU
		{1ED3FF27-05AE-46BF-B816-8CB80EFA4FC4}.Debug|Any CPU.Build.0 = Debug|Any CPU
		{1ED3FF27-05AE-46BF-B816-8CB80EFA4FC4}.Release|Any CPU.ActiveCfg = Release|Any CPU
		{1ED3FF27-05AE-46BF-B816-8CB80EFA4FC4}.Release|Any CPU.Build.0 = Release|Any CPU
		{3D4E6F70-8134-4E0E-9819-20A1B2C3D4E5}.Debug|Any CPU.ActiveCfg = Debug|Any CPU
		{3D4E6F70-8134-4E0E-9819-20A1B2C3D4E5}.Debug|Any CPU.Build.0 = Debug|Any CPU
		{3D4E6F70-8134-4E0E-9819-20A1B2C3D4E5}.Release|Any CPU.ActiveCfg = Release|Any CPU
		{3D4E6F70-8134-4E0E-9819-20A1B2C3D4E5}.Release|Any CPU.Build.0 = Release|Any CPU
		{58720BB9-AB01-48A0-A71A-8430AC183760}.Debug|Any CPU.ActiveCfg = Debug|Any CPU
		{58720BB9-AB01-48A0-A71A-8430AC183760}.Debug|Any CPU.Build.0 = Debug|Any CPU
		{58720BB9-AB01-48A0-A71A-8430AC183760}.Release|Any CPU.ActiveCfg = Release|Any CPU
		{58720BB9-AB01-48A0-A71A-8430AC183760}.Release|Any CPU.Build.0 = Release|Any CPU
		{6A7127CD-345D-4D41-8339-465DC9D5696C}.Debug|Any CPU.ActiveCfg = Debug|Any CPU
		{6A7127CD-345D-4D41-8339-465DC9D5696C}.Debug|Any CPU.Build.0 = Debug|Any CPU
		{6A7127CD-345D-4D41-8339-465DC9D5696C}.Release|Any CPU.ActiveCfg = Release|Any CPU
		{6A7127CD-345D-4D41-8339-465DC9D5696C}.Release|Any CPU.Build.0 = Release|Any CPU
		{C8EAB4D7-0F4D-4A22-90FC-8B816C7B99E0}.Debug|Any CPU.ActiveCfg = Debug|Any CPU
		{C8EAB4D7-0F4D-4A22-90FC-8B816C7B99E0}.Debug|Any CPU.Build.0 = Debug|Any CPU
		{C8EAB4D7-0F4D-4A22-90FC-8B816C7B99E0}.Release|Any CPU.ActiveCfg = Release|Any CPU
		{C8EAB4D7-0F4D-4A22-90FC-8B816C7B99E0}.Release|Any CPU.Build.0 = Release|Any CPU
		{F90D45AC-E6C0-42F7-0649-A2B3C4D5E6F8}.Debug|Any CPU.ActiveCfg = Debug|Any CPU
		{F90D45AC-E6C0-42F7-0649-A2B3C4D5E6F8}.Debug|Any CPU.Build.0 = Debug|Any CPU
		{F90D45AC-E6C0-42F7-0649-A2B3C4D5E6F8}.Release|Any CPU.ActiveCfg = Release|Any CPU
		{F90D45AC-E6C0-42F7-0649-A2B3C4D5E6F8}.Release|Any CPU.Build.0 = Release|Any CPU
		{D7FB238A-C4AE-40E5-E427-8091A2B3C4D6}.Debug|Any CPU.ActiveCfg = Debug|Any CPU
		{D7FB238A-C4AE-40E5-E427-8091A2B3C4D6}.Debug|Any CPU.Build.0 = Debug|Any CPU
		{D7FB238A-C4AE-40E5-E427-8091A2B3C4D6}.Release|Any CPU.ActiveCfg = Release|Any CPU
		{D7FB238A-C4AE-40E5-E427-8091A2B3C4D6}.Release|Any CPU.Build.0 = Release|Any CPU
		{E2A6D835-7F59-4B90-9FD2-3B4C5D6E7F81}.Debug|Any CPU.ActiveCfg = Debug|Any CPU
		{E2A6D835-7F59-4B90-9FD2-3B4C5D6E7F81}.Debug|Any CPU.Build.0 = Debug|Any CPU
		{E2A6D835-7F59-4B90-9FD2-3B4C5D6E7F81}.Release|Any CPU.ActiveCfg = Release|Any CPU
		{E2A6D835-7F59-4B90-9FD2-3B4C5D6E7F81}.Release|Any CPU.Build.0 = Release|Any CPU
		{F3B7E946-806A-4CA1-A0E3-4C5D6E7F8092}.Debug|Any CPU.ActiveCfg = Debug|Any CPU
		{F3B7E946-806A-4CA1-A0E3-4C5D6E7F8092}.Debug|Any CPU.Build.0 = Debug|Any CPU
		{F3B7E946-806A-4CA1-A0E3-4C5D6E7F8092}.Release|Any CPU.ActiveCfg = Release|Any CPU
		{F3B7E946-806A-4CA1-A0E3-4C5D6E7F8092}.Release|Any CPU.Build.0 = Release|Any CPU
		{A4C8F057-917B-4DB2-B1F4-5D6E7F8091A3}.Debug|Any CPU.ActiveCfg = Debug|Any CPU
		{A4C8F057-917B-4DB2-B1F4-5D6E7F8091A3}.Debug|Any CPU.Build.0 = Debug|Any CPU
		{A4C8F057-917B-4DB2-B1F4-5D6E7F8091A3}.Release|Any CPU.ActiveCfg = Release|Any CPU
		{A4C8F057-917B-4DB2-B1F4-5D6E7F8091A3}.Release|Any CPU.Build.0 = Release|Any CPU
		{B5D90168-A28C-4EC3-C205-6E7F8091A2B4}.Debug|Any CPU.ActiveCfg = Debug|Any CPU
		{B5D90168-A28C-4EC3-C205-6E7F8091A2B4}.Debug|Any CPU.Build.0 = Debug|Any CPU
		{B5D90168-A28C-4EC3-C205-6E7F8091A2B4}.Release|Any CPU.ActiveCfg = Release|Any CPU
		{B5D90168-A28C-4EC3-C205-6E7F8091A2B4}.Release|Any CPU.Build.0 = Release|Any CPU
	EndGlobalSection
	GlobalSection(NestedProjects) = preSolution
		{B75A4A02-415D-4705-9E5B-1A9A70C8121F} = {6481312D-DE7E-46F4-B09F-C4C6F943E74B}
		{5EC42BDE-B8B2-4674-93B5-653FE20A63AC} = {B75A4A02-415D-4705-9E5B-1A9A70C8121F}
		{610C5CAA-B39B-4E53-8043-05C1AB3D6CD1} = {6481312D-DE7E-46F4-B09F-C4C6F943E74B}
		{B4B2D80A-148F-49F1-A584-5DFB6AC30EB4} = {610C5CAA-B39B-4E53-8043-05C1AB3D6CD1}
		{75DA2AF0-DBBC-48E6-9686-7E9AA6103AC2} = {6481312D-DE7E-46F4-B09F-C4C6F943E74B}
		{A842F108-09F1-4E2C-A3C8-790D3FC31E3B} = {75DA2AF0-DBBC-48E6-9686-7E9AA6103AC2}
		{4F9B14C1-8754-45A9-AAAC-4D2B3B2185FE} = {75DA2AF0-DBBC-48E6-9686-7E9AA6103AC2}
		{500F8F91-90EE-40B1-B63E-827EAF9364FD} = {75DA2AF0-DBBC-48E6-9686-7E9AA6103AC2}
		{0A755CF4-2E87-4339-80E1-48D37C3C4D0D} = {75DA2AF0-DBBC-48E6-9686-7E9AA6103AC2}
		{2ECA7843-722C-4F4D-8C8D-260B5B4B1D69} = {6481312D-DE7E-46F4-B09F-C4C6F943E74B}
		{3D4E6F70-8134-4E0E-9819-20A1B2C3D4E5} = {2ECA7843-722C-4F4D-8C8D-260B5B4B1D69}
		{1ED3FF27-05AE-46BF-B816-8CB80EFA4FC4} = {2ECA7843-722C-4F4D-8C8D-260B5B4B1D69}
		{58720BB9-AB01-48A0-A71A-8430AC183760} = {610C5CAA-B39B-4E53-8043-05C1AB3D6CD1}
		{6A7127CD-345D-4D41-8339-465DC9D5696C} = {610C5CAA-B39B-4E53-8043-05C1AB3D6CD1}
		{B21D0C4E-645C-4A2F-ADBD-DF61D493E602} = {6481312D-DE7E-46F4-B09F-C4C6F943E74B}
		{C8EAB4D7-0F4D-4A22-90FC-8B816C7B99E0} = {B21D0C4E-645C-4A2F-ADBD-DF61D493E602}
		{E8FC349B-D5BF-41F6-F538-91A2B3C4D5E7} = {6481312D-DE7E-46F4-B09F-C4C6F943E74B}
		{F90D45AC-E6C0-42F7-0649-A2B3C4D5E6F8} = {E8FC349B-D5BF-41F6-F538-91A2B3C4D5E7}
		{C6EA1279-B39D-4FD4-D316-7F8091A2B3C5} = {6481312D-DE7E-46F4-B09F-C4C6F943E74B}
		{D7FB238A-C4AE-40E5-E427-8091A2B3C4D6} = {C6EA1279-B39D-4FD4-D316-7F8091A2B3C5}
		{D1F5C724-6E48-4A8F-8EC1-2A3C4D5E6F70} = {6481312D-DE7E-46F4-B09F-C4C6F943E74B}
		{E2A6D835-7F59-4B90-9FD2-3B4C5D6E7F81} = {D1F5C724-6E48-4A8F-8EC1-2A3C4D5E6F70}
		{F3B7E946-806A-4CA1-A0E3-4C5D6E7F8092} = {D1F5C724-6E48-4A8F-8EC1-2A3C4D5E6F70}
		{A4C8F057-917B-4DB2-B1F4-5D6E7F8091A3} = {D1F5C724-6E48-4A8F-8EC1-2A3C4D5E6F70}
		{B5D90168-A28C-4EC3-C205-6E7F8091A2B4} = {D1F5C724-6E48-4A8F-8EC1-2A3C4D5E6F70}
	EndGlobalSection
EndGlobal
