
Microsoft Visual Studio Solution File, Format Version 12.00
Project("{FAE04EC0-301F-11D3-BF4B-00C04F79EFBC}") = "Bulud.Base", "Bulud.Base\Bulud.Base.csproj", "{5127AFE6-6928-4859-9FD2-3A9BB39C9E7D}"
EndProject
Project("{2150E333-8FDC-42A3-9474-1A3956D46DE8}") = "src", "src", "{6481312D-DE7E-46F4-B09F-C4C6F943E74B}"
EndProject
Project("{2150E333-8FDC-42A3-9474-1A3956D46DE8}") = "FileStorage", "FileStorage", "{75DA2AF0-DBBC-48E6-9686-7E9AA6103AC2}"
EndProject
Project("{FAE04EC0-301F-11D3-BF4B-00C04F79EFBC}") = "Bulud.FileStorage.S3", "Bulud.FileStorage.S3\Bulud.FileStorage.S3.csproj", "{4F9B14C1-8754-45A9-AAAC-4D2B3B2185FE}"
EndProject
Project("{FAE04EC0-301F-11D3-BF4B-00C04F79EFBC}") = "Bulud.FileStorage.Azure", "Bulud.FileStorage.Azure\Bulud.FileStorage.Azure.csproj", "{500F8F91-90EE-40B1-B63E-827EAF9364FD}"
EndProject
Project("{FAE04EC0-301F-11D3-BF4B-00C04F79EFBC}") = "Bulud.FileStorage.Local", "Bulud.FileStorage.Local\Bulud.FileStorage.Local.csproj", "{0A755CF4-2E87-4339-80E1-48D37C3C4D0D}"
EndProject
Project("{2150E333-8FDC-42A3-9474-1A3956D46DE8}") = "Security", "Security", "{2ECA7843-722C-4F4D-8C8D-260B5B4B1D69}"
EndProject
Project("{FAE04EC0-301F-11D3-BF4B-00C04F79EFBC}") = "Bulud.Security.InMemoryOtp", "Bulud.Security.InMemoryOtp\Bulud.Security.InMemoryOtp.csproj", "{1ED3FF27-05AE-46BF-B816-8CB80EFA4FC4}"
EndProject
Project("{2150E333-8FDC-42A3-9474-1A3956D46DE8}") = "communication", "communication", "{610C5CAA-B39B-4E53-8043-05C1AB3D6CD1}"
EndProject
Project("{FAE04EC0-301F-11D3-BF4B-00C04F79EFBC}") = "Bulud.Communication.Sms.Kavenegar", "Bulud.Communication.Sms.Kavenegar\Bulud.Communication.Sms.Kavenegar.csproj", "{8C8E0363-A273-4503-A71A-18606A650423}"
EndProject
Project("{FAE04EC0-301F-11D3-BF4B-00C04F79EFBC}") = "Bulud.Communication.Email", "Bulud.Communication.Email\Bulud.Communication.Email.csproj", "{58720BB9-AB01-48A0-A71A-8430AC183760}"
EndProject
Global
	GlobalSection(SolutionConfigurationPlatforms) = preSolution
		Debug|Any CPU = Debug|Any CPU
		Release|Any CPU = Release|Any CPU
	EndGlobalSection
	GlobalSection(ProjectConfigurationPlatforms) = postSolution
		{5127AFE6-6928-4859-9FD2-3A9BB39C9E7D}.Debug|Any CPU.ActiveCfg = Debug|Any CPU
		{5127AFE6-6928-4859-9FD2-3A9BB39C9E7D}.Debug|Any CPU.Build.0 = Debug|Any CPU
		{5127AFE6-6928-4859-9FD2-3A9BB39C9E7D}.Release|Any CPU.ActiveCfg = Release|Any CPU
		{5127AFE6-6928-4859-9FD2-3A9BB39C9E7D}.Release|Any CPU.Build.0 = Release|Any CPU
		{4F9B14C1-8754-45A9-AAAC-4D2B3B2185FE}.Debug|Any CPU.ActiveCfg = Debug|Any CPU
		{4F9B14C1-8754-45A9-AAAC-4D2B3B2185FE}.Debug|Any CPU.Build.0 = Debug|Any CPU
		{4F9B14C1-8754-45A9-AAAC-4D2B3B2185FE}.Release|Any CPU.ActiveCfg = Release|Any CPU
		{4F9B14C1-8754-45A9-AAAC-4D2B3B2185FE}.Release|Any CPU.Build.0 = Release|Any CPU
		{500F8F91-90EE-40B1-B63E-827EAF9364FD}.Debug|Any CPU.ActiveCfg = Debug|Any CPU
		{500F8F91-90EE-40B1-B63E-827EAF9364FD}.Debug|Any CPU.Build.0 = Debug|Any CPU
		{500F8F91-90EE-40B1-B63E-827EAF9364FD}.Release|Any CPU.ActiveCfg = Release|Any CPU
		{500F8F91-90EE-40B1-B63E-827EAF9364FD}.Release|Any CPU.Build.0 = Release|Any CPU
		{0A755CF4-2E87-4339-80E1-48D37C3C4D0D}.Debug|Any CPU.ActiveCfg = Debug|Any CPU
		{0A755CF4-2E87-4339-80E1-48D37C3C4D0D}.Debug|Any CPU.Build.0 = Debug|Any CPU
		{0A755CF4-2E87-4339-80E1-48D37C3C4D0D}.Release|Any CPU.ActiveCfg = Release|Any CPU
		{0A755CF4-2E87-4339-80E1-48D37C3C4D0D}.Release|Any CPU.Build.0 = Release|Any CPU
		{1ED3FF27-05AE-46BF-B816-8CB80EFA4FC4}.Debug|Any CPU.ActiveCfg = Debug|Any CPU
		{1ED3FF27-05AE-46BF-B816-8CB80EFA4FC4}.Debug|Any CPU.Build.0 = Debug|Any CPU
		{1ED3FF27-05AE-46BF-B816-8CB80EFA4FC4}.Release|Any CPU.ActiveCfg = Release|Any CPU
		{1ED3FF27-05AE-46BF-B816-8CB80EFA4FC4}.Release|Any CPU.Build.0 = Release|Any CPU
		{8C8E0363-A273-4503-A71A-18606A650423}.Debug|Any CPU.ActiveCfg = Debug|Any CPU
		{8C8E0363-A273-4503-A71A-18606A650423}.Debug|Any CPU.Build.0 = Debug|Any CPU
		{8C8E0363-A273-4503-A71A-18606A650423}.Release|Any CPU.ActiveCfg = Release|Any CPU
		{8C8E0363-A273-4503-A71A-18606A650423}.Release|Any CPU.Build.0 = Release|Any CPU
		{58720BB9-AB01-48A0-A71A-8430AC183760}.Debug|Any CPU.ActiveCfg = Debug|Any CPU
		{58720BB9-AB01-48A0-A71A-8430AC183760}.Debug|Any CPU.Build.0 = Debug|Any CPU
		{58720BB9-AB01-48A0-A71A-8430AC183760}.Release|Any CPU.ActiveCfg = Release|Any CPU
		{58720BB9-AB01-48A0-A71A-8430AC183760}.Release|Any CPU.Build.0 = Release|Any CPU
	EndGlobalSection
	GlobalSection(NestedProjects) = preSolution
		{5127AFE6-6928-4859-9FD2-3A9BB39C9E7D} = {6481312D-DE7E-46F4-B09F-C4C6F943E74B}
		{75DA2AF0-DBBC-48E6-9686-7E9AA6103AC2} = {6481312D-DE7E-46F4-B09F-C4C6F943E74B}
		{4F9B14C1-8754-45A9-AAAC-4D2B3B2185FE} = {75DA2AF0-DBBC-48E6-9686-7E9AA6103AC2}
		{500F8F91-90EE-40B1-B63E-827EAF9364FD} = {75DA2AF0-DBBC-48E6-9686-7E9AA6103AC2}
		{0A755CF4-2E87-4339-80E1-48D37C3C4D0D} = {75DA2AF0-DBBC-48E6-9686-7E9AA6103AC2}
		{2ECA7843-722C-4F4D-8C8D-260B5B4B1D69} = {6481312D-DE7E-46F4-B09F-C4C6F943E74B}
		{1ED3FF27-05AE-46BF-B816-8CB80EFA4FC4} = {2ECA7843-722C-4F4D-8C8D-260B5B4B1D69}
		{610C5CAA-B39B-4E53-8043-05C1AB3D6CD1} = {6481312D-DE7E-46F4-B09F-C4C6F943E74B}
		{8C8E0363-A273-4503-A71A-18606A650423} = {610C5CAA-B39B-4E53-8043-05C1AB3D6CD1}
		{58720BB9-AB01-48A0-A71A-8430AC183760} = {610C5CAA-B39B-4E53-8043-05C1AB3D6CD1}
	EndGlobalSection
EndGlobal
